<?xml version="1.0" encoding="utf-8"?>
<Project ToolsVersion="4.0" xmlns="http://schemas.microsoft.com/developer/msbuild/2003">
  <ItemGroup>
    <Filter Include="ECS">
      <UniqueIdentifier>{b0b1fe68-da78-4a3a-86ab-05d670f3aa94}</UniqueIdentifier>
    </Filter>
    <Filter Include="Game">
      <UniqueIdentifier>{d2f33c05-7ce3-4592-9627-bee24d0fdd00}</UniqueIdentifier>
    </Filter>
  </ItemGroup>
  <ItemGroup>
    <ClCompile Include="System.ixx">
      <Filter>ECS</Filter>
    </ClCompile>
    <ClCompile Include="Component.ixx">
      <Filter>ECS</Filter>
    </ClCompile>
    <ClCompile Include="Allocator.ixx">
      <Filter>ECS</Filter>
    </ClCompile>
    <ClCompile Include="EcsAllocator.cpp">
      <Filter>Game</Filter>
    </ClCompile>
    <ClCompile Include="ECSTest.cpp" />
  </ItemGroup>
  <ItemGroup>
    <Text Include="lang.ss" />
  </ItemGroup>
  <ItemGroup>
    <ClInclude Include="EcsAllocator.h">
      <Filter>Game</Filter>
    </ClInclude>
  </ItemGroup>
</Project>