<?xml version="1.0" encoding="utf-8"?>
<Project ToolsVersion="4.0" xmlns="http://schemas.microsoft.com/developer/msbuild/2003">
  <ItemGroup>
    <Filter Include="ECS">
      <UniqueIdentifier>{d2f33c05-7ce3-4592-9627-bee24d0fdd00}</UniqueIdentifier>
    </Filter>
    <Filter Include="Tests">
      <UniqueIdentifier>{2070b2c9-de59-4ed3-87bf-7f962c18f8b3}</UniqueIdentifier>
    </Filter>
  </ItemGroup>
  <ItemGroup>
    <ClCompile Include="MemoryPool.cpp">
      <Filter>ECS</Filter>
    </ClCompile>
    <ClCompile Include="main.cpp" />
    <ClCompile Include="ECSTest.cpp">
      <Filter>Tests</Filter>
    </ClCompile>
  </ItemGroup>
  <ItemGroup>
    <Text Include="lang.ss" />
  </ItemGroup>
  <ItemGroup>
    <ClInclude Include="EcsWorld.h">
      <Filter>ECS</Filter>
    </ClInclude>
    <ClInclude Include="MemoryPool.h">
      <Filter>ECS</Filter>
    </ClInclude>
    <ClInclude Include="PooledStore.h">
      <Filter>ECS</Filter>
    </ClInclude>
    <ClInclude Include="ParallelPooledStore.h">
      <Filter>ECS</Filter>
    </ClInclude>
    <ClInclude Include="AtomicBitset.h">
      <Filter>ECS</Filter>
    </ClInclude>
    <ClInclude Include="EcsStorage.h">
      <Filter>ECS</Filter>
    </ClInclude>
    <ClInclude Include="Archetype.h">
      <Filter>ECS</Filter>
    </ClInclude>
    <ClInclude Include="ExSystem.h">
      <Filter>ECS</Filter>
    </ClInclude>
    <ClInclude Include="EcsInstance.h">
      <Filter>ECS</Filter>
    </ClInclude>
  </ItemGroup>
</Project>